PODS:
  - Alamofire (5.4.1)
  - Kingfisher (6.3.0)
  - ReachabilitySwift (5.0.0)
  - RxSwift (6.1.0)

DEPENDENCIES:
  - Alamofire
  - Kingfisher
  - ReachabilitySwift
  - RxSwift

SPEC REPOS:
  trunk:
    - Alamofire
    - Kingfisher
    - ReachabilitySwift
    - RxSwift

SPEC CHECKSUMS:
  Alamofire: 2291f7d21ca607c491dd17642e5d40fdcda0e65c
  Kingfisher: 6c3df386db71d82c0817a429d2c9421a77396529
  ReachabilitySwift: 985039c6f7b23a1da463388634119492ff86c825
  RxSwift: a834e5c538e89eca0cae86f403f4fbf0336786ce

PODFILE CHECKSUM: cde68387e1e4d659cde3a370437fc565cb8ab3de

COCOAPODS: 1.10.1
